[root]
name = "cryptopals"
version = "0.1.0"
dependencies = [
 "base64 0.5.2 (registry+https://github.com/rust-lang/crates.io-index)",
]

[[package]]
name = "base64"
version = "0.5.2"
source = "registry+https://github.com/rust-lang/crates.io-index"
dependencies = [
 "byteorder 1.0.0 (registry+https://github.com/rust-lang/crates.io-index)",
]

[[package]]
name = "byteorder"
version = "1.0.0"
source = "registry+https://github.com/rust-lang/crates.io-index"

[metadata]
"checksum base64 0.5.2 (registry+https://github.com/rust-lang/crates.io-index)" = "30e93c03064e7590d0466209155251b90c22e37fab1daf2771582598b5827557"
"checksum byteorder 1.0.0 (registry+https://github.com/rust-lang/crates.io-index)" = "c40977b0ee6b9885c9013cd41d9feffdd22deb3bb4dc3a71d901cc7a77de18c8"
